{
    "_meta": {
        "hash": {
            "sha256": "b1b983d165849dcb3ed6db9b5cc4feb9dc9ed80f884181413358f995a449238c"
        },
        "pipfile-spec": 6,
        "requires": {
            "python_version": "3"
        },
        "sources": [
            {
                "name": "pypi",
                "url": "https://pypi.org/simple",
                "verify_ssl": true
            }
        ]
    },
    "default": {
        "adafruit-blinka": {
            "hashes": [
                "sha256:85dc7b3817079d90ccbc5d97ec00f8d361033e02e508cb5edac7974c7a256502"
            ],
            "version": "==3.7.1"
        },
        "adafruit-circuitpython-busdevice": {
            "hashes": [
                "sha256:c4aac498db646801f486b213bfb2697706171bcb9020ddcf35606125b9d0c3dc"
            ],
            "version": "==4.1.2"
        },
        "adafruit-circuitpython-neopixel": {
            "hashes": [
                "sha256:668b8e79d46a2deb828c4b05727d0723a36af4295478f21e66f06de543718219"
            ],
            "index": "pypi",
            "version": "==5.0.0"
        },
        "adafruit-circuitpython-seesaw": {
            "hashes": [
                "sha256:3b4495bc03400243ca1045f1c1f29027fcd3cdc2644ad666e717970a43d3396d"
            ],
            "index": "pypi",
            "version": "==1.5.5"
        },
        "adafruit-platformdetect": {
            "hashes": [
                "sha256:382e462bb31f615b1a51c20b9ab734221dd693cc52634edafa505a07694be197"
            ],
            "version": "==2.1.0"
        },
        "adafruit-pureio": {
            "hashes": [
                "sha256:b67587ed3c4dc90bd0e9b988587efa66b4466abf71eb0dcbcd4695e7e4350326"
            ],
            "version": "==1.0.4"
        },
        "certifi": {
            "hashes": [
                "sha256:017c25db2a153ce562900032d5bc68e9f191e44e9a0f762f373977de9df1fbb3",
                "sha256:25b64c7da4cd7479594d035c08c2d809eb4aab3a26e5a990ea98cc450c320f1f"
            ],
            "version": "==2019.11.28"
        },
        "chardet": {
            "hashes": [
                "sha256:84ab92ed1c4d4f16916e05906b6b75a6c0fb5db821cc65e70cbd64a3e2a5eaae",
                "sha256:fc323ffcaeaed0e0a02bf4d117757b98aed530d9ed4531e3e15460124c106691"
            ],
            "version": "==3.0.4"
        },
        "idna": {
            "hashes": [
                "sha256:c357b3f628cf53ae2c4c05627ecc484553142ca23264e593d327bcde5e9c3407",
                "sha256:ea8b7f6188e6fa117537c3df7da9fc686d485087abf6ac197f9c46432f7e4a3c"
            ],
            "version": "==2.8"
        },
        "pyftdi": {
            "hashes": [
                "sha256:72436911f1f5da15869027401ef666e9b0c8f051e4ba8cd32377b0757016ebae"
            ],
            "version": "==0.42.2"
        },
        "pyserial": {
            "hashes": [
                "sha256:6e2d401fdee0eab996cf734e67773a0143b932772ca8b42451440cfed942c627",
                "sha256:e0770fadba80c31013896c7e6ef703f72e7834965954a78e71a3049488d4d7d8"
            ],
            "version": "==3.4"
        },
        "pyusb": {
            "hashes": [
                "sha256:4e9b72cc4a4205ca64fbf1f3fff39a335512166c151ad103e55c8223ac147362"
            ],
            "version": "==1.0.2"
        },
        "requests": {
            "hashes": [
                "sha256:11e007a8a2aa0323f5a921e9e6a2d7e4e67d9877e85773fba9ba6419025cbeb4",
                "sha256:9cf5292fcd0f598c671cfc1e0d7d1a7f13bb8085e9a590f48c010551dc6c4b31"
            ],
            "index": "pypi",
            "version": "==2.22.0"
        },
        "rpi-ws281x": {
            "hashes": [
                "sha256:185d7ae138a5633cf4cd707c55d7190b34810cc3f5e5682c820ddf1dade20914",
                "sha256:265a395410cc7199f779c4209ca3970b7211896b86dbaa4731bdc3569d2e595f",
                "sha256:544f09353ccb578452d0478470460d3425f40e8dd7433131a95239daeae83303",
                "sha256:bc3a22e55c2a10de5c4dfb23c13dceff66162e77eb7176701f1a0d5ae8b97695",
                "sha256:de182acceab047030056e2ab0dd2bd2632f2375f60d9a94cf7e3a8a4033834a0"
            ],
            "index": "pypi",
            "version": "==4.2.3"
        },
        "sysv-ipc": {
            "hashes": [
                "sha256:2b2b8491764845d06a9d5731ebe67f12fbe0c35967ac7f2bbe55ff24cb302405",
                "sha256:8eff10dd17789ddf21b422ce46ae0f6420088902a88e4296cb805cf2fde8b4dc",
                "sha256:a67fc5b7a3dd5fc9c50776de0c65a44eb776d29bb88364dedb1fb1149e53a1f1"
            ],
            "version": "==1.0.1"
        },
        "urllib3": {
            "hashes": [
                "sha256:2f3db8b19923a873b3e5256dc9c2dedfa883e33d87c690d9c7913e1f40673cdc",
                "sha256:87716c2d2a7121198ebcb7ce7cccf6ce5e9ba539041cfbaeecfb641dc0bf6acc"
            ],
            "version": "==1.25.8"
        }
    },
    "develop": {}
}
